
Microsoft Visual Studio Solution File, Format Version 12.00
# Visual Studio 15
VisualStudioVersion = 15.0.27130.2010
MinimumVisualStudioVersion = 10.0.40219.1
Project("{FAE04EC0-301F-11D3-BF4B-00C04F79EFBC}") = "Queue.RabbitMQ.Client", "Queue.RabbitMQ.Client\Queue.RabbitMQ.Client.csproj", "{8005BF9F-4E7E-4658-B4E8-B3628636B067}"
EndProject
Global
	GlobalSection(SolutionConfigurationPlatforms) = preSolution
		Debug|Any CPU = Debug|Any CPU
		Release|Any CPU = Release|Any CPU
	EndGlobalSection
	GlobalSection(ProjectConfigurationPlatforms) = postSolution
		{8005BF9F-4E7E-4658-B4E8-B3628636B067}.Debug|Any CPU.ActiveCfg = Debug|Any CPU
		{8005BF9F-4E7E-4658-B4E8-B3628636B067}.Debug|Any CPU.Build.0 = Debug|Any CPU
		{8005BF9F-4E7E-4658-B4E8-B3628636B067}.Release|Any CPU.ActiveCfg = Release|Any CPU
		{8005BF9F-4E7E-4658-B4E8-B3628636B067}.Release|Any CPU.Build.0 = Release|Any CPU
	EndGlobalSection
	GlobalSection(SolutionProperties) = preSolution
		HideSolutionNode = FALSE
	EndGlobalSection
	GlobalSection(ExtensibilityGlobals) = postSolution
		SolutionGuid = {20BFBAD3-6A15-46C7-9D74-B08970D2E744}
	EndGlobalSection
EndGlobal
